{
  "name": "node-red-contrib-linux-memory",
  "version": "0.8.0",
  "lockfileVersion": 1,
  "requires": true,
  "dependencies": {
    "systeminformation": {
      "version": "4.15.3",
      "resolved": "https://registry.npmjs.org/systeminformation/-/systeminformation-4.15.3.tgz",
      "integrity": "sha512-Fx2ARGHtLl2/xLeNoTR8/doXSxUXuAzIN+dyCK9O43j/UETLBt77yTEbTxmYsVD47PYjX1iQTdcY41CZckY+zg=="
    }
  }
}
